{
  "version": 4,
  "terraform_version": "1.3.9",
  "serial": 1349,
  "lineage": "4d755953-3c8e-1760-e6f5-e8bb94a8a6fc",
  "outputs": {},
  "resources": [
    {
      "module": "module.event-store",
      "mode": "managed",
      "type": "aws_dynamodb_table",
      "name": "es_table",
      "provider": "provider[\"registry.terraform.io/hashicorp/aws\"]",
      "instances": [
        {
          "schema_version": 1,
          "attributes": {
            "arn": "arn:aws:dynamodb:us-east-1:311476293586:table/scd-es-table",
            "attribute": [
              {
                "name": "AggregateUuid",
                "type": "S"
              },
              {
                "name": "Version",
                "type": "N"
              }
            ],
            "billing_mode": "PROVISIONED",
            "deletion_protection_enabled": false,
            "global_secondary_index": [],
            "hash_key": "AggregateUuid",
            "id": "scd-es-table",
            "local_secondary_index": [],
            "name": "scd-es-table",
            "point_in_time_recovery": [
              {
                "enabled": false
              }
            ],
            "range_key": "Version",
            "read_capacity": 1,
            "replica": [],
            "restore_date_time": null,
            "restore_source_name": null,
            "restore_to_latest_time": null,
            "server_side_encryption": [],
            "stream_arn": "arn:aws:dynamodb:us-east-1:311476293586:table/scd-es-table/stream/2023-05-03T17:14:39.172",
            "stream_enabled": true,
            "stream_label": "2023-05-03T17:14:39.172",
            "stream_view_type": "NEW_IMAGE",
            "table_class": "STANDARD",
            "tags": {},
            "tags_all": {},
            "timeouts": null,
            "ttl": [
              {
                "attribute_name": "",
                "enabled": false
              }
            ],
            "write_capacity": 1
          },
          "sensitive_attributes": [],
          "private": "eyJlMmJmYjczMC1lY2FhLTExZTYtOGY4OC0zNDM2M2JjN2M0YzAiOnsiY3JlYXRlIjoxODAwMDAwMDAwMDAwLCJkZWxldGUiOjYwMDAwMDAwMDAwMCwidXBkYXRlIjozNjAwMDAwMDAwMDAwfSwic2NoZW1hX3ZlcnNpb24iOiIxIn0="
        }
      ]
    }
  ],
  "check_results": null
}
